
Microsoft Visual Studio Solution File, Format Version 12.00
# Visual Studio 15
VisualStudioVersion = 15.0.28307.572
MinimumVisualStudioVersion = 10.0.40219.1
Project("{FAE04EC0-301F-11D3-BF4B-00C04F79EFBC}") = "ConsoleAppTelebot", "ConsoleAppTelebot\ConsoleAppTelebot.csproj", "{A7A98E20-EDAB-481A-BE60-0930EBD4F580}"
EndProject
Project("{FAE04EC0-301F-11D3-BF4B-00C04F79EFBC}") = "ConsoleAppTelebotV2", "ConsoleAppTelebotV2\ConsoleAppTelebotV2.csproj", "{14ED5FE1-1621-489A-8A51-0A3E825607E1}"
EndProject
Global
	GlobalSection(SolutionConfigurationPlatforms) = preSolution
		Debug|Any CPU = Debug|Any CPU
		Release|Any CPU = Release|Any CPU
	EndGlobalSection
	GlobalSection(ProjectConfigurationPlatforms) = postSolution
		{A7A98E20-EDAB-481A-BE60-0930EBD4F580}.Debug|Any CPU.ActiveCfg = Debug|Any CPU
		{A7A98E20-EDAB-481A-BE60-0930EBD4F580}.Debug|Any CPU.Build.0 = Debug|Any CPU
		{A7A98E20-EDAB-481A-BE60-0930EBD4F580}.Release|Any CPU.ActiveCfg = Release|Any CPU
		{A7A98E20-EDAB-481A-BE60-0930EBD4F580}.Release|Any CPU.Build.0 = Release|Any CPU
		{14ED5FE1-1621-489A-8A51-0A3E825607E1}.Debug|Any CPU.ActiveCfg = Debug|Any CPU
		{14ED5FE1-1621-489A-8A51-0A3E825607E1}.Debug|Any CPU.Build.0 = Debug|Any CPU
		{14ED5FE1-1621-489A-8A51-0A3E825607E1}.Release|Any CPU.ActiveCfg = Release|Any CPU
		{14ED5FE1-1621-489A-8A51-0A3E825607E1}.Release|Any CPU.Build.0 = Release|Any CPU
	EndGlobalSection
	GlobalSection(SolutionProperties) = preSolution
		HideSolutionNode = FALSE
	EndGlobalSection
	GlobalSection(ExtensibilityGlobals) = postSolution
		SolutionGuid = {91DC1268-5452-4A63-AC0F-113DE80ECC91}
	EndGlobalSection
EndGlobal
